
Microsoft Visual Studio Solution File, Format Version 12.00
# Visual Studio Version 16
VisualStudioVersion = 16.0.33328.57
MinimumVisualStudioVersion = 10.0.40219.1
Project("{FAE04EC0-301F-11D3-BF4B-00C04F79EFBC}") = "RestWithASP-NET5", "RestWithASP-NET5\RestWithASP-NET5.csproj", "{716A0F64-8F74-446F-9AEB-9E0197ACA76D}"
EndProject
Global
	GlobalSection(SolutionConfigurationPlatforms) = preSolution
		Debug|Any CPU = Debug|Any CPU
		Release|Any CPU = Release|Any CPU
	EndGlobalSection
	GlobalSection(ProjectConfigurationPlatforms) = postSolution
		{716A0F64-8F74-446F-9AEB-9E0197ACA76D}.Debug|Any CPU.ActiveCfg = Debug|Any CPU
		{716A0F64-8F74-446F-9AEB-9E0197ACA76D}.Debug|Any CPU.Build.0 = Debug|Any CPU
		{716A0F64-8F74-446F-9AEB-9E0197ACA76D}.Release|Any CPU.ActiveCfg = Release|Any CPU
		{716A0F64-8F74-446F-9AEB-9E0197ACA76D}.Release|Any CPU.Build.0 = Release|Any CPU
	EndGlobalSection
	GlobalSection(SolutionProperties) = preSolution
		HideSolutionNode = FALSE
	EndGlobalSection
	GlobalSection(ExtensibilityGlobals) = postSolution
		SolutionGuid = {E9152BD4-D82B-4CFE-8625-611F3D5111A5}
	EndGlobalSection
EndGlobal
